
Microsoft Visual Studio Solution File, Format Version 12.00
# Visual Studio 15
VisualStudioVersion = 15.0.27428.2015
MinimumVisualStudioVersion = 10.0.40219.1
Project("{FAE04EC0-301F-11D3-BF4B-00C04F79EFBC}") = "SocialLogin.Android", "SocialLogin.Android\SocialLogin.Android.csproj", "{2541EB96-6A60-47D9-A070-F9F442ACA484}"
EndProject
Project("{FAE04EC0-301F-11D3-BF4B-00C04F79EFBC}") = "SocialLogin.iOS", "SocialLogin.iOS\SocialLogin.iOS.csproj", "{D7951962-88D8-4987-9FDF-0751AE0FC854}"
EndProject
Project("{FAE04EC0-301F-11D3-BF4B-00C04F79EFBC}") = "SocialLogin.UWP", "SocialLogin.UWP\SocialLogin.UWP.csproj", "{D61E9A94-F12C-49C2-8327-C3209AACBC44}"
EndProject
Project("{D954291E-2A0B-460D-934E-DC6B0785DB48}") = "SocialLogin", "SocialLogin\SocialLogin.shproj", "{1FC0B161-F4C0-4D2B-AEB6-4E92A9C782AA}"
EndProject
Global
	GlobalSection(SharedMSBuildProjectFiles) = preSolution
		SocialLogin\SocialLogin.projitems*{1fc0b161-f4c0-4d2b-aeb6-4e92a9c782aa}*SharedItemsImports = 13
		SocialLogin\SocialLogin.projitems*{2541eb96-6a60-47d9-a070-f9f442aca484}*SharedItemsImports = 4
		SocialLogin\SocialLogin.projitems*{d61e9a94-f12c-49c2-8327-c3209aacbc44}*SharedItemsImports = 4
		SocialLogin\SocialLogin.projitems*{d7951962-88d8-4987-9fdf-0751ae0fc854}*SharedItemsImports = 4
	EndGlobalSection
	GlobalSection(SolutionConfigurationPlatforms) = preSolution
		Ad-Hoc|Any CPU = Ad-Hoc|Any CPU
		Ad-Hoc|ARM = Ad-Hoc|ARM
		Ad-Hoc|iPhone = Ad-Hoc|iPhone
		Ad-Hoc|iPhoneSimulator = Ad-Hoc|iPhoneSimulator
		Ad-Hoc|x64 = Ad-Hoc|x64
		Ad-Hoc|x86 = Ad-Hoc|x86
		AppStore|Any CPU = AppStore|Any CPU
		AppStore|ARM = AppStore|ARM
		AppStore|iPhone = AppStore|iPhone
		AppStore|iPhoneSimulator = AppStore|iPhoneSimulator
		AppStore|x64 = AppStore|x64
		AppStore|x86 = AppStore|x86
		Debug|Any CPU = Debug|Any CPU
		Debug|ARM = Debug|ARM
		Debug|iPhone = Debug|iPhone
		Debug|iPhoneSimulator = Debug|iPhoneSimulator
		Debug|x64 = Debug|x64
		Debug|x86 = Debug|x86
		Release|Any CPU = Release|Any CPU
		Release|ARM = Release|ARM
		Release|iPhone = Release|iPhone
		Release|iPhoneSimulator = Release|iPhoneSimulator
		Release|x64 = Release|x64
		Release|x86 = Release|x86
	EndGlobalSection
	GlobalSection(ProjectConfigurationPlatforms) = postSolution
		{2541EB96-6A60-47D9-A070-F9F442ACA484}.Ad-Hoc|Any CPU.ActiveCfg = Release|Any CPU
		{2541EB96-6A60-47D9-A070-F9F442ACA484}.Ad-Hoc|Any CPU.Build.0 = Release|Any CPU
		{2541EB96-6A60-47D9-A070-F9F442ACA484}.Ad-Hoc|Any CPU.Deploy.0 = Release|Any CPU
		{2541EB96-6A60-47D9-A070-F9F442ACA484}.Ad-Hoc|ARM.ActiveCfg = Release|Any CPU
		{2541EB96-6A60-47D9-A070-F9F442ACA484}.Ad-Hoc|ARM.Build.0 = Release|Any CPU
		{2541EB96-6A60-47D9-A070-F9F442ACA484}.Ad-Hoc|ARM.Deploy.0 = Release|Any CPU
		{2541EB96-6A60-47D9-A070-F9F442ACA484}.Ad-Hoc|iPhone.ActiveCfg = Release|Any CPU
		{2541EB96-6A60-47D9-A070-F9F442ACA484}.Ad-Hoc|iPhone.Build.0 = Release|Any CPU
		{2541EB96-6A60-47D9-A070-F9F442ACA484}.Ad-Hoc|iPhone.Deploy.0 = Release|Any CPU
		{2541EB96-6A60-47D9-A070-F9F442ACA484}.Ad-Hoc|iPhoneSimulator.ActiveCfg = Release|Any CPU
		{2541EB96-6A60-47D9-A070-F9F442ACA484}.Ad-Hoc|iPhoneSimulator.Build.0 = Release|Any CPU
		{2541EB96-6A60-47D9-A070-F9F442ACA484}.Ad-Hoc|iPhoneSimulator.Deploy.0 = Release|Any CPU
		{2541EB96-6A60-47D9-A070-F9F442ACA484}.Ad-Hoc|x64.ActiveCfg = Release|Any CPU
		{2541EB96-6A60-47D9-A070-F9F442ACA484}.Ad-Hoc|x64.Build.0 = Release|Any CPU
		{2541EB96-6A60-47D9-A070-F9F442ACA484}.Ad-Hoc|x64.Deploy.0 = Release|Any CPU
		{2541EB96-6A60-47D9-A070-F9F442ACA484}.Ad-Hoc|x86.ActiveCfg = Release|Any CPU
		{2541EB96-6A60-47D9-A070-F9F442ACA484}.Ad-Hoc|x86.Build.0 = Release|Any CPU
		{2541EB96-6A60-47D9-A070-F9F442ACA484}.Ad-Hoc|x86.Deploy.0 = Release|Any CPU
		{2541EB96-6A60-47D9-A070-F9F442ACA484}.AppStore|Any CPU.ActiveCfg = Release|Any CPU
		{2541EB96-6A60-47D9-A070-F9F442ACA484}.AppStore|Any CPU.Build.0 = Release|Any CPU
		{2541EB96-6A60-47D9-A070-F9F442ACA484}.AppStore|Any CPU.Deploy.0 = Release|Any CPU
		{2541EB96-6A60-47D9-A070-F9F442ACA484}.AppStore|ARM.ActiveCfg = Release|Any CPU
		{2541EB96-6A60-47D9-A070-F9F442ACA484}.AppStore|ARM.Build.0 = Release|Any CPU
		{2541EB96-6A60-47D9-A070-F9F442ACA484}.AppStore|ARM.Deploy.0 = Release|Any CPU
		{2541EB96-6A60-47D9-A070-F9F442ACA484}.AppStore|iPhone.ActiveCfg = Release|Any CPU
		{2541EB96-6A60-47D9-A070-F9F442ACA484}.AppStore|iPhone.Build.0 = Release|Any CPU
		{2541EB96-6A60-47D9-A070-F9F442ACA484}.AppStore|iPhone.Deploy.0 = Release|Any CPU
		{2541EB96-6A60-47D9-A070-F9F442ACA484}.AppStore|iPhoneSimulator.ActiveCfg = Release|Any CPU
		{2541EB96-6A60-47D9-A070-F9F442ACA484}.AppStore|iPhoneSimulator.Build.0 = Release|Any CPU
		{2541EB96-6A60-47D9-A070-F9F442ACA484}.AppStore|iPhoneSimulator.Deploy.0 = Release|Any CPU
		{2541EB96-6A60-47D9-A070-F9F442ACA484}.AppStore|x64.ActiveCfg = Release|Any CPU
		{2541EB96-6A60-47D9-A070-F9F442ACA484}.AppStore|x64.Build.0 = Release|Any CPU
		{2541EB96-6A60-47D9-A070-F9F442ACA484}.AppStore|x64.Deploy.0 = Release|Any CPU
		{2541EB96-6A60-47D9-A070-F9F442ACA484}.AppStore|x86.ActiveCfg = Release|Any CPU
		{2541EB96-6A60-47D9-A070-F9F442ACA484}.AppStore|x86.Build.0 = Release|Any CPU
		{2541EB96-6A60-47D9-A070-F9F442ACA484}.AppStore|x86.Deploy.0 = Release|Any CPU
		{2541EB96-6A60-47D9-A070-F9F442ACA484}.Debug|Any CPU.ActiveCfg = Debug|Any CPU
		{2541EB96-6A60-47D9-A070-F9F442ACA484}.Debug|Any CPU.Build.0 = Debug|Any CPU
		{2541EB96-6A60-47D9-A070-F9F442ACA484}.Debug|Any CPU.Deploy.0 = Debug|Any CPU
		{2541EB96-6A60-47D9-A070-F9F442ACA484}.Debug|ARM.ActiveCfg = Debug|Any CPU
		{2541EB96-6A60-47D9-A070-F9F442ACA484}.Debug|ARM.Build.0 = Debug|Any CPU
		{2541EB96-6A60-47D9-A070-F9F442ACA484}.Debug|ARM.Deploy.0 = Debug|Any CPU
		{2541EB96-6A60-47D9-A070-F9F442ACA484}.Debug|iPhone.ActiveCfg = Debug|Any CPU
		{2541EB96-6A60-47D9-A070-F9F442ACA484}.Debug|iPhone.Build.0 = Debug|Any CPU
		{2541EB96-6A60-47D9-A070-F9F442ACA484}.Debug|iPhone.Deploy.0 = Debug|Any CPU
		{2541EB96-6A60-47D9-A070-F9F442ACA484}.Debug|iPhoneSimulator.ActiveCfg = Debug|Any CPU
		{2541EB96-6A60-47D9-A070-F9F442ACA484}.Debug|iPhoneSimulator.Build.0 = Debug|Any CPU
		{2541EB96-6A60-47D9-A070-F9F442ACA484}.Debug|iPhoneSimulator.Deploy.0 = Debug|Any CPU
		{2541EB96-6A60-47D9-A070-F9F442ACA484}.Debug|x64.ActiveCfg = Debug|Any CPU
		{2541EB96-6A60-47D9-A070-F9F442ACA484}.Debug|x64.Build.0 = Debug|Any CPU
		{2541EB96-6A60-47D9-A070-F9F442ACA484}.Debug|x64.Deploy.0 = Debug|Any CPU
		{2541EB96-6A60-47D9-A070-F9F442ACA484}.Debug|x86.ActiveCfg = Debug|Any CPU
		{2541EB96-6A60-47D9-A070-F9F442ACA484}.Debug|x86.Build.0 = Debug|Any CPU
		{2541EB96-6A60-47D9-A070-F9F442ACA484}.Debug|x86.Deploy.0 = Debug|Any CPU
		{2541EB96-6A60-47D9-A070-F9F442ACA484}.Release|Any CPU.ActiveCfg = Release|Any CPU
		{2541EB96-6A60-47D9-A070-F9F442ACA484}.Release|Any CPU.Build.0 = Release|Any CPU
		{2541EB96-6A60-47D9-A070-F9F442ACA484}.Release|Any CPU.Deploy.0 = Release|Any CPU
		{2541EB96-6A60-47D9-A070-F9F442ACA484}.Release|ARM.ActiveCfg = Release|Any CPU
		{2541EB96-6A60-47D9-A070-F9F442ACA484}.Release|ARM.Build.0 = Release|Any CPU
		{2541EB96-6A60-47D9-A070-F9F442ACA484}.Release|ARM.Deploy.0 = Release|Any CPU
		{2541EB96-6A60-47D9-A070-F9F442ACA484}.Release|iPhone.ActiveCfg = Release|Any CPU
		{2541EB96-6A60-47D9-A070-F9F442ACA484}.Release|iPhone.Build.0 = Release|Any CPU
		{2541EB96-6A60-47D9-A070-F9F442ACA484}.Release|iPhone.Deploy.0 = Release|Any CPU
		{2541EB96-6A60-47D9-A070-F9F442ACA484}.Release|iPhoneSimulator.ActiveCfg = Release|Any CPU
		{2541EB96-6A60-47D9-A070-F9F442ACA484}.Release|iPhoneSimulator.Build.0 = Release|Any CPU
		{2541EB96-6A60-47D9-A070-F9F442ACA484}.Release|iPhoneSimulator.Deploy.0 = Release|Any CPU
		{2541EB96-6A60-47D9-A070-F9F442ACA484}.Release|x64.ActiveCfg = Release|Any CPU
		{2541EB96-6A60-47D9-A070-F9F442ACA484}.Release|x64.Build.0 = Release|Any CPU
		{2541EB96-6A60-47D9-A070-F9F442ACA484}.Release|x64.Deploy.0 = Release|Any CPU
		{2541EB96-6A60-47D9-A070-F9F442ACA484}.Release|x86.ActiveCfg = Release|Any CPU
		{2541EB96-6A60-47D9-A070-F9F442ACA484}.Release|x86.Build.0 = Release|Any CPU
		{2541EB96-6A60-47D9-A070-F9F442ACA484}.Release|x86.Deploy.0 = Release|Any CPU
		{D7951962-88D8-4987-9FDF-0751AE0FC854}.Ad-Hoc|Any CPU.ActiveCfg = Ad-Hoc|iPhone
		{D7951962-88D8-4987-9FDF-0751AE0FC854}.Ad-Hoc|ARM.ActiveCfg = Ad-Hoc|iPhone
		{D7951962-88D8-4987-9FDF-0751AE0FC854}.Ad-Hoc|iPhone.ActiveCfg = Ad-Hoc|iPhone
		{D7951962-88D8-4987-9FDF-0751AE0FC854}.Ad-Hoc|iPhone.Build.0 = Ad-Hoc|iPhone
		{D7951962-88D8-4987-9FDF-0751AE0FC854}.Ad-Hoc|iPhoneSimulator.ActiveCfg = Ad-Hoc|iPhoneSimulator
		{D7951962-88D8-4987-9FDF-0751AE0FC854}.Ad-Hoc|iPhoneSimulator.Build.0 = Ad-Hoc|iPhoneSimulator
		{D7951962-88D8-4987-9FDF-0751AE0FC854}.Ad-Hoc|x64.ActiveCfg = Ad-Hoc|iPhone
		{D7951962-88D8-4987-9FDF-0751AE0FC854}.Ad-Hoc|x86.ActiveCfg = Ad-Hoc|iPhone
		{D7951962-88D8-4987-9FDF-0751AE0FC854}.AppStore|Any CPU.ActiveCfg = AppStore|iPhone
		{D7951962-88D8-4987-9FDF-0751AE0FC854}.AppStore|ARM.ActiveCfg = AppStore|iPhone
		{D7951962-88D8-4987-9FDF-0751AE0FC854}.AppStore|iPhone.ActiveCfg = AppStore|iPhone
		{D7951962-88D8-4987-9FDF-0751AE0FC854}.AppStore|iPhone.Build.0 = AppStore|iPhone
		{D7951962-88D8-4987-9FDF-0751AE0FC854}.AppStore|iPhoneSimulator.ActiveCfg = AppStore|iPhoneSimulator
		{D7951962-88D8-4987-9FDF-0751AE0FC854}.AppStore|iPhoneSimulator.Build.0 = AppStore|iPhoneSimulator
		{D7951962-88D8-4987-9FDF-0751AE0FC854}.AppStore|x64.ActiveCfg = AppStore|iPhone
		{D7951962-88D8-4987-9FDF-0751AE0FC854}.AppStore|x86.ActiveCfg = AppStore|iPhone
		{D7951962-88D8-4987-9FDF-0751AE0FC854}.Debug|Any CPU.ActiveCfg = Debug|iPhone
		{D7951962-88D8-4987-9FDF-0751AE0FC854}.Debug|ARM.ActiveCfg = Debug|iPhone
		{D7951962-88D8-4987-9FDF-0751AE0FC854}.Debug|iPhone.ActiveCfg = Debug|iPhone
		{D7951962-88D8-4987-9FDF-0751AE0FC854}.Debug|iPhone.Build.0 = Debug|iPhone
		{D7951962-88D8-4987-9FDF-0751AE0FC854}.Debug|iPhoneSimulator.ActiveCfg = Debug|iPhoneSimulator
		{D7951962-88D8-4987-9FDF-0751AE0FC854}.Debug|iPhoneSimulator.Build.0 = Debug|iPhoneSimulator
		{D7951962-88D8-4987-9FDF-0751AE0FC854}.Debug|x64.ActiveCfg = Debug|iPhone
		{D7951962-88D8-4987-9FDF-0751AE0FC854}.Debug|x86.ActiveCfg = Debug|iPhone
		{D7951962-88D8-4987-9FDF-0751AE0FC854}.Release|Any CPU.ActiveCfg = Release|iPhone
		{D7951962-88D8-4987-9FDF-0751AE0FC854}.Release|ARM.ActiveCfg = Release|iPhone
		{D7951962-88D8-4987-9FDF-0751AE0FC854}.Release|iPhone.ActiveCfg = Release|iPhone
		{D7951962-88D8-4987-9FDF-0751AE0FC854}.Release|iPhone.Build.0 = Release|iPhone
		{D7951962-88D8-4987-9FDF-0751AE0FC854}.Release|iPhoneSimulator.ActiveCfg = Release|iPhoneSimulator
		{D7951962-88D8-4987-9FDF-0751AE0FC854}.Release|iPhoneSimulator.Build.0 = Release|iPhoneSimulator
		{D7951962-88D8-4987-9FDF-0751AE0FC854}.Release|x64.ActiveCfg = Release|iPhone
		{D7951962-88D8-4987-9FDF-0751AE0FC854}.Release|x86.ActiveCfg = Release|iPhone
		{D61E9A94-F12C-49C2-8327-C3209AACBC44}.Ad-Hoc|Any CPU.ActiveCfg = Release|x86
		{D61E9A94-F12C-49C2-8327-C3209AACBC44}.Ad-Hoc|Any CPU.Build.0 = Release|x86
		{D61E9A94-F12C-49C2-8327-C3209AACBC44}.Ad-Hoc|Any CPU.Deploy.0 = Release|x86
		{D61E9A94-F12C-49C2-8327-C3209AACBC44}.Ad-Hoc|ARM.ActiveCfg = Release|ARM
		{D61E9A94-F12C-49C2-8327-C3209AACBC44}.Ad-Hoc|ARM.Build.0 = Release|ARM
		{D61E9A94-F12C-49C2-8327-C3209AACBC44}.Ad-Hoc|ARM.Deploy.0 = Release|ARM
		{D61E9A94-F12C-49C2-8327-C3209AACBC44}.Ad-Hoc|iPhone.ActiveCfg = Release|x86
		{D61E9A94-F12C-49C2-8327-C3209AACBC44}.Ad-Hoc|iPhone.Build.0 = Release|x86
		{D61E9A94-F12C-49C2-8327-C3209AACBC44}.Ad-Hoc|iPhone.Deploy.0 = Release|x86
		{D61E9A94-F12C-49C2-8327-C3209AACBC44}.Ad-Hoc|iPhoneSimulator.ActiveCfg = Release|x86
		{D61E9A94-F12C-49C2-8327-C3209AACBC44}.Ad-Hoc|iPhoneSimulator.Build.0 = Release|x86
		{D61E9A94-F12C-49C2-8327-C3209AACBC44}.Ad-Hoc|iPhoneSimulator.Deploy.0 = Release|x86
		{D61E9A94-F12C-49C2-8327-C3209AACBC44}.Ad-Hoc|x64.ActiveCfg = Release|x64
		{D61E9A94-F12C-49C2-8327-C3209AACBC44}.Ad-Hoc|x64.Build.0 = Release|x64
		{D61E9A94-F12C-49C2-8327-C3209AACBC44}.Ad-Hoc|x64.Deploy.0 = Release|x64
		{D61E9A94-F12C-49C2-8327-C3209AACBC44}.Ad-Hoc|x86.ActiveCfg = Release|x86
		{D61E9A94-F12C-49C2-8327-C3209AACBC44}.Ad-Hoc|x86.Build.0 = Release|x86
		{D61E9A94-F12C-49C2-8327-C3209AACBC44}.Ad-Hoc|x86.Deploy.0 = Release|x86
		{D61E9A94-F12C-49C2-8327-C3209AACBC44}.AppStore|Any CPU.ActiveCfg = Release|x86
		{D61E9A94-F12C-49C2-8327-C3209AACBC44}.AppStore|Any CPU.Build.0 = Release|x86
		{D61E9A94-F12C-49C2-8327-C3209AACBC44}.AppStore|Any CPU.Deploy.0 = Release|x86
		{D61E9A94-F12C-49C2-8327-C3209AACBC44}.AppStore|ARM.ActiveCfg = Release|ARM
		{D61E9A94-F12C-49C2-8327-C3209AACBC44}.AppStore|ARM.Build.0 = Release|ARM
		{D61E9A94-F12C-49C2-8327-C3209AACBC44}.AppStore|ARM.Deploy.0 = Release|ARM
		{D61E9A94-F12C-49C2-8327-C3209AACBC44}.AppStore|iPhone.ActiveCfg = Release|x86
		{D61E9A94-F12C-49C2-8327-C3209AACBC44}.AppStore|iPhone.Build.0 = Release|x86
		{D61E9A94-F12C-49C2-8327-C3209AACBC44}.AppStore|iPhone.Deploy.0 = Release|x86
		{D61E9A94-F12C-49C2-8327-C3209AACBC44}.AppStore|iPhoneSimulator.ActiveCfg = Release|x86
		{D61E9A94-F12C-49C2-8327-C3209AACBC44}.AppStore|iPhoneSimulator.Build.0 = Release|x86
		{D61E9A94-F12C-49C2-8327-C3209AACBC44}.AppStore|iPhoneSimulator.Deploy.0 = Release|x86
		{D61E9A94-F12C-49C2-8327-C3209AACBC44}.AppStore|x64.ActiveCfg = Release|x64
		{D61E9A94-F12C-49C2-8327-C3209AACBC44}.AppStore|x64.Build.0 = Release|x64
		{D61E9A94-F12C-49C2-8327-C3209AACBC44}.AppStore|x64.Deploy.0 = Release|x64
		{D61E9A94-F12C-49C2-8327-C3209AACBC44}.AppStore|x86.ActiveCfg = Release|x86
		{D61E9A94-F12C-49C2-8327-C3209AACBC44}.AppStore|x86.Build.0 = Release|x86
		{D61E9A94-F12C-49C2-8327-C3209AACBC44}.AppStore|x86.Deploy.0 = Release|x86
		{D61E9A94-F12C-49C2-8327-C3209AACBC44}.Debug|Any CPU.ActiveCfg = Debug|x86
		{D61E9A94-F12C-49C2-8327-C3209AACBC44}.Debug|ARM.ActiveCfg = Debug|ARM
		{D61E9A94-F12C-49C2-8327-C3209AACBC44}.Debug|ARM.Build.0 = Debug|ARM
		{D61E9A94-F12C-49C2-8327-C3209AACBC44}.Debug|ARM.Deploy.0 = Debug|ARM
		{D61E9A94-F12C-49C2-8327-C3209AACBC44}.Debug|iPhone.ActiveCfg = Debug|x86
		{D61E9A94-F12C-49C2-8327-C3209AACBC44}.Debug|iPhoneSimulator.ActiveCfg = Debug|x86
		{D61E9A94-F12C-49C2-8327-C3209AACBC44}.Debug|x64.ActiveCfg = Debug|x64
		{D61E9A94-F12C-49C2-8327-C3209AACBC44}.Debug|x64.Build.0 = Debug|x64
		{D61E9A94-F12C-49C2-8327-C3209AACBC44}.Debug|x64.Deploy.0 = Debug|x64
		{D61E9A94-F12C-49C2-8327-C3209AACBC44}.Debug|x86.ActiveCfg = Debug|x86
		{D61E9A94-F12C-49C2-8327-C3209AACBC44}.Debug|x86.Build.0 = Debug|x86
		{D61E9A94-F12C-49C2-8327-C3209AACBC44}.Debug|x86.Deploy.0 = Debug|x86
		{D61E9A94-F12C-49C2-8327-C3209AACBC44}.Release|Any CPU.ActiveCfg = Release|x86
		{D61E9A94-F12C-49C2-8327-C3209AACBC44}.Release|ARM.ActiveCfg = Release|ARM
		{D61E9A94-F12C-49C2-8327-C3209AACBC44}.Release|ARM.Build.0 = Release|ARM
		{D61E9A94-F12C-49C2-8327-C3209AACBC44}.Release|ARM.Deploy.0 = Release|ARM
		{D61E9A94-F12C-49C2-8327-C3209AACBC44}.Release|iPhone.ActiveCfg = Release|x86
		{D61E9A94-F12C-49C2-8327-C3209AACBC44}.Release|iPhoneSimulator.ActiveCfg = Release|x86
		{D61E9A94-F12C-49C2-8327-C3209AACBC44}.Release|x64.ActiveCfg = Release|x64
		{D61E9A94-F12C-49C2-8327-C3209AACBC44}.Release|x64.Build.0 = Release|x64
		{D61E9A94-F12C-49C2-8327-C3209AACBC44}.Release|x64.Deploy.0 = Release|x64
		{D61E9A94-F12C-49C2-8327-C3209AACBC44}.Release|x86.ActiveCfg = Release|x86
		{D61E9A94-F12C-49C2-8327-C3209AACBC44}.Release|x86.Build.0 = Release|x86
		{D61E9A94-F12C-49C2-8327-C3209AACBC44}.Release|x86.Deploy.0 = Release|x86
	EndGlobalSection
	GlobalSection(SolutionProperties) = preSolution
		HideSolutionNode = FALSE
	EndGlobalSection
	GlobalSection(ExtensibilityGlobals) = postSolution
		SolutionGuid = {D32EE867-53F4-4A6C-AF30-C50927B8C2F9}
	EndGlobalSection
EndGlobal
